
Microsoft Visual Studio Solution File, Format Version 12.00
# Visual Studio Version 17
VisualStudioVersion = 17.5.33530.505
MinimumVisualStudioVersion = 10.0.40219.1
Project("{FAE04EC0-301F-11D3-BF4B-00C04F79EFBC}") = "AuthenticationTry1", "AuthenticationTry1\AuthenticationTry1.csproj", "{F7CEF3F4-7072-40A3-80C2-9325182620F6}"
EndProject
Global
	GlobalSection(SolutionConfigurationPlatforms) = preSolution
		Debug|Any CPU = Debug|Any CPU
		Release|Any CPU = Release|Any CPU
	EndGlobalSection
	GlobalSection(ProjectConfigurationPlatforms) = postSolution
		{F7CEF3F4-7072-40A3-80C2-9325182620F6}.Debug|Any CPU.ActiveCfg = Debug|Any CPU
		{F7CEF3F4-7072-40A3-80C2-9325182620F6}.Debug|Any CPU.Build.0 = Debug|Any CPU
		{F7CEF3F4-7072-40A3-80C2-9325182620F6}.Release|Any CPU.ActiveCfg = Release|Any CPU
		{F7CEF3F4-7072-40A3-80C2-9325182620F6}.Release|Any CPU.Build.0 = Release|Any CPU
	EndGlobalSection
	GlobalSection(SolutionProperties) = preSolution
		HideSolutionNode = FALSE
	EndGlobalSection
	GlobalSection(ExtensibilityGlobals) = postSolution
		SolutionGuid = {776E0DAA-1554-4284-A9F3-9500F833E8F5}
	EndGlobalSection
EndGlobal
